# THIS IS AN AUTOGENERATED FILE. DO NOT EDIT THIS FILE DIRECTLY.
# yarn lockfile v1


create-next-app@^10.0.5:
  version "10.0.5"
  resolved "https://registry.yarnpkg.com/create-next-app/-/create-next-app-10.0.5.tgz#e1e7f999fcec09bf2b905bbeb87be4812524619e"
  integrity sha512-KAqgjnVIfrqH2nT/9zbNiUGqTsTvHWa6mMP2xRprAsGJ8hU2vNR/yKVKhjfx266kdNF37MmJsC0ZnPa3BOk2JQ==
